
Microsoft Visual Studio Solution File, Format Version 12.00
# Visual Studio Version 17
VisualStudioVersion = 17.10.35013.160
MinimumVisualStudioVersion = 10.0.40219.1
Project("{FAE04EC0-301F-11D3-BF4B-00C04F79EFBC}") = "KeyedSvc.Lib.第三方", "KeyedSvc.Lib.第三方\KeyedSvc.Lib.第三方.csproj", "{0ACCB8F8-EF7B-48EC-A1FB-22441D201AD5}"
EndProject
Project("{FAE04EC0-301F-11D3-BF4B-00C04F79EFBC}") = "KeyedSvc.Lib.Core", "KeyedSvc.Lib.Core\KeyedSvc.Lib.Core.csproj", "{BC9B75E2-66F4-4CEF-9D63-E603CEF648E6}"
EndProject
Project("{2150E333-8FDC-42A3-9474-1A3956D46DE8}") = "方案項目", "方案項目", "{AA2CB965-DB01-4F34-B019-AC91B102108B}"
	ProjectSection(SolutionItems) = preProject
		README.md = README.md
	EndProjectSection
EndProject
Project("{FAE04EC0-301F-11D3-BF4B-00C04F79EFBC}") = "KeyedSvc.Sample", "KeyedSvc.Sample\KeyedSvc.Sample.csproj", "{04C9D814-E815-4295-A36C-EA1243448F34}"
EndProject
Project("{FAE04EC0-301F-11D3-BF4B-00C04F79EFBC}") = "KeyedSvc.SampleWeb", "KeyedSvc.SampleWeb\KeyedSvc.SampleWeb.csproj", "{F60170C9-8946-45FC-AB51-DAEE4281200E}"
EndProject
Global
	GlobalSection(SolutionConfigurationPlatforms) = preSolution
		Debug|Any CPU = Debug|Any CPU
		Release|Any CPU = Release|Any CPU
	EndGlobalSection
	GlobalSection(ProjectConfigurationPlatforms) = postSolution
		{0ACCB8F8-EF7B-48EC-A1FB-22441D201AD5}.Debug|Any CPU.ActiveCfg = Debug|Any CPU
		{0ACCB8F8-EF7B-48EC-A1FB-22441D201AD5}.Debug|Any CPU.Build.0 = Debug|Any CPU
		{0ACCB8F8-EF7B-48EC-A1FB-22441D201AD5}.Release|Any CPU.ActiveCfg = Release|Any CPU
		{0ACCB8F8-EF7B-48EC-A1FB-22441D201AD5}.Release|Any CPU.Build.0 = Release|Any CPU
		{BC9B75E2-66F4-4CEF-9D63-E603CEF648E6}.Debug|Any CPU.ActiveCfg = Debug|Any CPU
		{BC9B75E2-66F4-4CEF-9D63-E603CEF648E6}.Debug|Any CPU.Build.0 = Debug|Any CPU
		{BC9B75E2-66F4-4CEF-9D63-E603CEF648E6}.Release|Any CPU.ActiveCfg = Release|Any CPU
		{BC9B75E2-66F4-4CEF-9D63-E603CEF648E6}.Release|Any CPU.Build.0 = Release|Any CPU
		{04C9D814-E815-4295-A36C-EA1243448F34}.Debug|Any CPU.ActiveCfg = Debug|Any CPU
		{04C9D814-E815-4295-A36C-EA1243448F34}.Debug|Any CPU.Build.0 = Debug|Any CPU
		{04C9D814-E815-4295-A36C-EA1243448F34}.Release|Any CPU.ActiveCfg = Release|Any CPU
		{04C9D814-E815-4295-A36C-EA1243448F34}.Release|Any CPU.Build.0 = Release|Any CPU
		{F60170C9-8946-45FC-AB51-DAEE4281200E}.Debug|Any CPU.ActiveCfg = Debug|Any CPU
		{F60170C9-8946-45FC-AB51-DAEE4281200E}.Debug|Any CPU.Build.0 = Debug|Any CPU
		{F60170C9-8946-45FC-AB51-DAEE4281200E}.Release|Any CPU.ActiveCfg = Release|Any CPU
		{F60170C9-8946-45FC-AB51-DAEE4281200E}.Release|Any CPU.Build.0 = Release|Any CPU
	EndGlobalSection
	GlobalSection(SolutionProperties) = preSolution
		HideSolutionNode = FALSE
	EndGlobalSection
	GlobalSection(ExtensibilityGlobals) = postSolution
		SolutionGuid = {13B768E3-A106-468D-B030-1A2F7B47F8CF}
	EndGlobalSection
EndGlobal
